
Microsoft Visual Studio Solution File, Format Version 12.00
# Visual Studio Version 17
VisualStudioVersion = 17.0.31903.59
MinimumVisualStudioVersion = 10.0.40219.1
Project("{FAE04EC0-301F-11D3-BF4B-00C04F79EFBC}") = "Chronos", "Chronos\Chronos.csproj", "{739C698C-983E-4EC2-8468-62CBB48127F2}"
EndProject
Project("{FAE04EC0-301F-11D3-BF4B-00C04F79EFBC}") = "RandomTest", "RandomTest\RandomTest.csproj", "{1167A587-E76F-4F20-8D78-083888E2232F}"
EndProject
Project("{FAE04EC0-301F-11D3-BF4B-00C04F79EFBC}") = "RandDice", "RandDice\RandDice.csproj", "{9B643DB5-9FAE-4486-9B86-BE14B7774763}"
EndProject
Global
	GlobalSection(SolutionConfigurationPlatforms) = preSolution
		Debug|Any CPU = Debug|Any CPU
		Release|Any CPU = Release|Any CPU
	EndGlobalSection
	GlobalSection(SolutionProperties) = preSolution
		HideSolutionNode = FALSE
	EndGlobalSection
	GlobalSection(ProjectConfigurationPlatforms) = postSolution
		{739C698C-983E-4EC2-8468-62CBB48127F2}.Debug|Any CPU.ActiveCfg = Debug|Any CPU
		{739C698C-983E-4EC2-8468-62CBB48127F2}.Debug|Any CPU.Build.0 = Debug|Any CPU
		{739C698C-983E-4EC2-8468-62CBB48127F2}.Release|Any CPU.ActiveCfg = Release|Any CPU
		{739C698C-983E-4EC2-8468-62CBB48127F2}.Release|Any CPU.Build.0 = Release|Any CPU
		{1167A587-E76F-4F20-8D78-083888E2232F}.Debug|Any CPU.ActiveCfg = Debug|Any CPU
		{1167A587-E76F-4F20-8D78-083888E2232F}.Debug|Any CPU.Build.0 = Debug|Any CPU
		{1167A587-E76F-4F20-8D78-083888E2232F}.Release|Any CPU.ActiveCfg = Release|Any CPU
		{1167A587-E76F-4F20-8D78-083888E2232F}.Release|Any CPU.Build.0 = Release|Any CPU
		{9B643DB5-9FAE-4486-9B86-BE14B7774763}.Debug|Any CPU.ActiveCfg = Debug|Any CPU
		{9B643DB5-9FAE-4486-9B86-BE14B7774763}.Debug|Any CPU.Build.0 = Debug|Any CPU
		{9B643DB5-9FAE-4486-9B86-BE14B7774763}.Release|Any CPU.ActiveCfg = Release|Any CPU
		{9B643DB5-9FAE-4486-9B86-BE14B7774763}.Release|Any CPU.Build.0 = Release|Any CPU
	EndGlobalSection
EndGlobal
